PODS:
  - barcode_scan (0.0.1):
    - Flutter
    - MTBBarcodeScanner
  - chirp_flutter (0.0.1):
    - ChirpSDK (= 3.6.0)
    - Flutter
  - "ChirpSDK (3.6.0+1)"
  - Flutter (1.0.0)
  - MTBBarcodeScanner (5.0.11)
  - simple_permissions (0.0.1):
    - Flutter
  - url_launcher (0.0.1):
    - Flutter
  - url_launcher_macos (0.0.1):
    - Flutter
  - url_launcher_web (0.0.1):
    - Flutter

DEPENDENCIES:
  - barcode_scan (from `.symlinks/plugins/barcode_scan/ios`)
  - chirp_flutter (from `.symlinks/plugins/chirp_flutter/ios`)
  - Flutter (from `Flutter`)
  - simple_permissions (from `.symlinks/plugins/simple_permissions/ios`)
  - url_launcher (from `.symlinks/plugins/url_launcher/ios`)
  - url_launcher_macos (from `.symlinks/plugins/url_launcher_macos/ios`)
  - url_launcher_web (from `.symlinks/plugins/url_launcher_web/ios`)

SPEC REPOS:
  trunk:
    - ChirpSDK
    - MTBBarcodeScanner

EXTERNAL SOURCES:
  barcode_scan:
    :path: ".symlinks/plugins/barcode_scan/ios"
  chirp_flutter:
    :path: ".symlinks/plugins/chirp_flutter/ios"
  Flutter:
    :path: Flutter
  simple_permissions:
    :path: ".symlinks/plugins/simple_permissions/ios"
  url_launcher:
    :path: ".symlinks/plugins/url_launcher/ios"
  url_launcher_macos:
    :path: ".symlinks/plugins/url_launcher_macos/ios"
  url_launcher_web:
    :path: ".symlinks/plugins/url_launcher_web/ios"

SPEC CHECKSUMS:
  barcode_scan: 33f586d02270046fc6559135038b34b5754eaa4f
  chirp_flutter: 7c6822c2021c6ba6cab35375d82260566559917c
  ChirpSDK: 53baf369435e20f4427389263fb7fc47a9980506
  Flutter: 0e3d915762c693b495b44d77113d4970485de6ec
  MTBBarcodeScanner: f453b33c4b7dfe545d8c6484ed744d55671788cb
  simple_permissions: 149cd87a11f83c24bf99f6e8a82f9fc8b70be233
  url_launcher: a1c0cc845906122c4784c542523d8cacbded5626
  url_launcher_macos: fd7894421cd39320dce5f292fc99ea9270b2a313
  url_launcher_web: e5527357f037c87560776e36436bf2b0288b965c

PODFILE CHECKSUM: a2b0bf7fe93e4e6b732ab20a6fda201dc8a23f90

COCOAPODS: 1.8.4
